
Microsoft Visual Studio Solution File, Format Version 12.00
# Visual Studio Version 17
VisualStudioVersion = 17.10.35027.167
MinimumVisualStudioVersion = 10.0.40219.1
Project("{9A19103F-16F7-4668-BE54-9A1E7A4F7556}") = "Server", "Server\Server.csproj", "{9ADCA7FA-4A31-4169-A5F9-6BF7FB95DBC9}"
EndProject
Project("{9A19103F-16F7-4668-BE54-9A1E7A4F7556}") = "Client", "Client\Client.csproj", "{6F3E1981-264F-4336-9563-36720FE6576F}"
EndProject
Project("{9A19103F-16F7-4668-BE54-9A1E7A4F7556}") = "BaseLibrary", "BaseLibrary\BaseLibrary.csproj", "{8E5D41EE-982C-415B-9399-98AAE1694E3F}"
EndProject
Project("{9A19103F-16F7-4668-BE54-9A1E7A4F7556}") = "ServerLibrary", "ServerLibrary\ServerLibrary.csproj", "{AF4741C5-7FCC-49E1-BC36-DDDFE0D3A1C8}"
EndProject
Project("{9A19103F-16F7-4668-BE54-9A1E7A4F7556}") = "ClientLibrary", "ClientLibrary\ClientLibrary.csproj", "{199A6132-4345-48E0-AD23-D9BC62723EB0}"
EndProject
Global
	GlobalSection(SolutionConfigurationPlatforms) = preSolution
		Debug|Any CPU = Debug|Any CPU
		Release|Any CPU = Release|Any CPU
	EndGlobalSection
	GlobalSection(ProjectConfigurationPlatforms) = postSolution
		{9ADCA7FA-4A31-4169-A5F9-6BF7FB95DBC9}.Debug|Any CPU.ActiveCfg = Debug|Any CPU
		{9ADCA7FA-4A31-4169-A5F9-6BF7FB95DBC9}.Debug|Any CPU.Build.0 = Debug|Any CPU
		{9ADCA7FA-4A31-4169-A5F9-6BF7FB95DBC9}.Release|Any CPU.ActiveCfg = Release|Any CPU
		{9ADCA7FA-4A31-4169-A5F9-6BF7FB95DBC9}.Release|Any CPU.Build.0 = Release|Any CPU
		{6F3E1981-264F-4336-9563-36720FE6576F}.Debug|Any CPU.ActiveCfg = Debug|Any CPU
		{6F3E1981-264F-4336-9563-36720FE6576F}.Debug|Any CPU.Build.0 = Debug|Any CPU
		{6F3E1981-264F-4336-9563-36720FE6576F}.Release|Any CPU.ActiveCfg = Release|Any CPU
		{6F3E1981-264F-4336-9563-36720FE6576F}.Release|Any CPU.Build.0 = Release|Any CPU
		{8E5D41EE-982C-415B-9399-98AAE1694E3F}.Debug|Any CPU.ActiveCfg = Debug|Any CPU
		{8E5D41EE-982C-415B-9399-98AAE1694E3F}.Debug|Any CPU.Build.0 = Debug|Any CPU
		{8E5D41EE-982C-415B-9399-98AAE1694E3F}.Release|Any CPU.ActiveCfg = Release|Any CPU
		{8E5D41EE-982C-415B-9399-98AAE1694E3F}.Release|Any CPU.Build.0 = Release|Any CPU
		{AF4741C5-7FCC-49E1-BC36-DDDFE0D3A1C8}.Debug|Any CPU.ActiveCfg = Debug|Any CPU
		{AF4741C5-7FCC-49E1-BC36-DDDFE0D3A1C8}.Debug|Any CPU.Build.0 = Debug|Any CPU
		{AF4741C5-7FCC-49E1-BC36-DDDFE0D3A1C8}.Release|Any CPU.ActiveCfg = Release|Any CPU
		{AF4741C5-7FCC-49E1-BC36-DDDFE0D3A1C8}.Release|Any CPU.Build.0 = Release|Any CPU
		{199A6132-4345-48E0-AD23-D9BC62723EB0}.Debug|Any CPU.ActiveCfg = Debug|Any CPU
		{199A6132-4345-48E0-AD23-D9BC62723EB0}.Debug|Any CPU.Build.0 = Debug|Any CPU
		{199A6132-4345-48E0-AD23-D9BC62723EB0}.Release|Any CPU.ActiveCfg = Release|Any CPU
		{199A6132-4345-48E0-AD23-D9BC62723EB0}.Release|Any CPU.Build.0 = Release|Any CPU
	EndGlobalSection
	GlobalSection(SolutionProperties) = preSolution
		HideSolutionNode = FALSE
	EndGlobalSection
	GlobalSection(ExtensibilityGlobals) = postSolution
		SolutionGuid = {06C224F1-DD34-4868-8DEB-86C419509C8F}
	EndGlobalSection
EndGlobal
